// !$*UTF8*$!
{
	archiveVersion = 1;
	classes = {
	};
	objectVersion = 56;
	objects = {

/* Begin PBXBuildFile section */
		2A0ECAF32CB75D0600F79EB3 /* Kingfisher in Frameworks */ = {isa = PBXBuildFile; productRef = 2A0ECAF22CB75D0600F79EB3 /* Kingfisher */; };
		2A0ECAFA2CB774AB00F79EB3 /* ToastView.swift in Sources */ = {isa = PBXBuildFile; fileRef = 2A0ECAF92CB774AB00F79EB3 /* ToastView.swift */; };
		2A0ECAFC2CB77F7400F79EB3 /* Thread.swift in Sources */ = {isa = PBXBuildFile; fileRef = 2A0ECAFB2CB77F7400F79EB3 /* Thread.swift */; };
		2A0ECAFF2CB7818F00F79EB3 /* CreateThreadViewModel.swift in Sources */ = {isa = PBXBuildFile; fileRef = 2A0ECAFE2CB7818F00F79EB3 /* CreateThreadViewModel.swift */; };
		2A0ECB012CB781C200F79EB3 /* ThreadService.swift in Sources */ = {isa = PBXBuildFile; fileRef = 2A0ECB002CB781C200F79EB3 /* ThreadService.swift */; };
		2A0ECB0B2CB7A6FF00F79EB3 /* FeedViewModel.swift in Sources */ = {isa = PBXBuildFile; fileRef = 2A0ECB0A2CB7A6FF00F79EB3 /* FeedViewModel.swift */; };
		2A1860F22CC09A740094F742 /* ContentActionButtonsView.swift in Sources */ = {isa = PBXBuildFile; fileRef = 2A1860F12CC09A680094F742 /* ContentActionButtonsView.swift */; };
		2A1860F62CC09C820094F742 /* ContentActionButtonsViewModel.swift in Sources */ = {isa = PBXBuildFile; fileRef = 2A1860F52CC09C820094F742 /* ContentActionButtonsViewModel.swift */; };
		2A1860F82CC0AAFE0094F742 /* FirestoreConstants.swift in Sources */ = {isa = PBXBuildFile; fileRef = 2A1860F72CC0AAFE0094F742 /* FirestoreConstants.swift */; };
		2A46287B2CB6543D0052D01E /* EditProfileViewModel.swift in Sources */ = {isa = PBXBuildFile; fileRef = 2A46287A2CB6543D0052D01E /* EditProfileViewModel.swift */; };
		2A46287D2CB656570052D01E /* ImageUploader.swift in Sources */ = {isa = PBXBuildFile; fileRef = 2A46287C2CB656570052D01E /* ImageUploader.swift */; };
		2A61E3442CB9F84800BD2BE9 /* UserContentListViewModel.swift in Sources */ = {isa = PBXBuildFile; fileRef = 2A61E3432CB9F84800BD2BE9 /* UserContentListViewModel.swift */; };
		2A6677E72C9D1A4D00F78D9A /* ContentViewModel.swift in Sources */ = {isa = PBXBuildFile; fileRef = 2A6677E62C9D1A4D00F78D9A /* ContentViewModel.swift */; };
		2A6BAC5A2C75175B003EB430 /* ThreadsApp.swift in Sources */ = {isa = PBXBuildFile; fileRef = 2A6BAC592C75175B003EB430 /* ThreadsApp.swift */; };
		2A6BAC5C2C75175B003EB430 /* ContentView.swift in Sources */ = {isa = PBXBuildFile; fileRef = 2A6BAC5B2C75175B003EB430 /* ContentView.swift */; };
		2A6BAC5E2C75175C003EB430 /* Assets.xcassets in Resources */ = {isa = PBXBuildFile; fileRef = 2A6BAC5D2C75175C003EB430 /* Assets.xcassets */; };
		2A6BAC612C75175C003EB430 /* Preview Assets.xcassets in Resources */ = {isa = PBXBuildFile; fileRef = 2A6BAC602C75175C003EB430 /* Preview Assets.xcassets */; };
		2A7652952C9F8CA400ED98F3 /* ViewExtension.swift in Sources */ = {isa = PBXBuildFile; fileRef = 2A7652942C9F8CA400ED98F3 /* ViewExtension.swift */; };
		2A825F0A2C8FF8FC0083C198 /* EditProfileView.swift in Sources */ = {isa = PBXBuildFile; fileRef = 2A825F092C8FF8FC0083C198 /* EditProfileView.swift */; };
		2A8B32012C8D22120042730D /* ThreadCellView.swift in Sources */ = {isa = PBXBuildFile; fileRef = 2A8B32002C8D22120042730D /* ThreadCellView.swift */; };
		2A8B32042C8D34650042730D /* CircularProfileImageView.swift in Sources */ = {isa = PBXBuildFile; fileRef = 2A8B32032C8D34650042730D /* CircularProfileImageView.swift */; };
		2A8B32062C8D35140042730D /* UserCellView.swift in Sources */ = {isa = PBXBuildFile; fileRef = 2A8B32052C8D35140042730D /* UserCellView.swift */; };
		2AA04C9B2C9BC15500E972B2 /* AuthService.swift in Sources */ = {isa = PBXBuildFile; fileRef = 2AA04C9A2C9BC15500E972B2 /* AuthService.swift */; };
		2AA04C9D2C9BF01F00E972B2 /* LoginViewModel.swift in Sources */ = {isa = PBXBuildFile; fileRef = 2AA04C9C2C9BF01F00E972B2 /* LoginViewModel.swift */; };
		2AA04C9F2C9BF4EA00E972B2 /* AuthProgressView.swift in Sources */ = {isa = PBXBuildFile; fileRef = 2AA04C9E2C9BF4EA00E972B2 /* AuthProgressView.swift */; };
		2AB30F932C8BAFF700B94061 /* LoginView.swift in Sources */ = {isa = PBXBuildFile; fileRef = 2AB30F922C8BAFF700B94061 /* LoginView.swift */; };
		2AB30F952C8BBCFB00B94061 /* RegistrationView.swift in Sources */ = {isa = PBXBuildFile; fileRef = 2AB30F942C8BBCFB00B94061 /* RegistrationView.swift */; };
		2AB30F992C8BC41400B94061 /* TextFieldModifier.swift in Sources */ = {isa = PBXBuildFile; fileRef = 2AB30F982C8BC41400B94061 /* TextFieldModifier.swift */; };
		2AB30F9B2C8BC60100B94061 /* AuthenticationButtonModifier.swift in Sources */ = {isa = PBXBuildFile; fileRef = 2AB30F9A2C8BC60100B94061 /* AuthenticationButtonModifier.swift */; };
		2AB30FA02C8BCA5D00B94061 /* TabBarView.swift in Sources */ = {isa = PBXBuildFile; fileRef = 2AB30F9F2C8BCA5D00B94061 /* TabBarView.swift */; };
		2AB30FA42C8BCF9F00B94061 /* FeedView.swift in Sources */ = {isa = PBXBuildFile; fileRef = 2AB30FA32C8BCF9F00B94061 /* FeedView.swift */; };
		2AB30FA72C8BCFBE00B94061 /* ExploreView.swift in Sources */ = {isa = PBXBuildFile; fileRef = 2AB30FA62C8BCFBE00B94061 /* ExploreView.swift */; };
		2AB30FAC2C8BCFEE00B94061 /* ProfileView.swift in Sources */ = {isa = PBXBuildFile; fileRef = 2AB30FAB2C8BCFEE00B94061 /* ProfileView.swift */; };
		2AB30FB02C8BD05200B94061 /* ActivityView.swift in Sources */ = {isa = PBXBuildFile; fileRef = 2AB30FAF2C8BD05200B94061 /* ActivityView.swift */; };
		2AB30FB42C8BD08800B94061 /* CreateThreadView.swift in Sources */ = {isa = PBXBuildFile; fileRef = 2AB30FB32C8BD08800B94061 /* CreateThreadView.swift */; };
		2AD0E9EF2C9E442F00AD7622 /* User.swift in Sources */ = {isa = PBXBuildFile; fileRef = 2AD0E9EE2C9E442F00AD7622 /* User.swift */; };
		2AD0E9F12C9E46F500AD7622 /* DateExtension.swift in Sources */ = {isa = PBXBuildFile; fileRef = 2AD0E9F02C9E46F500AD7622 /* DateExtension.swift */; };
		2AD0E9F32C9E4C7D00AD7622 /* UserService.swift in Sources */ = {isa = PBXBuildFile; fileRef = 2AD0E9F22C9E4C7D00AD7622 /* UserService.swift */; };
		2AD2AD6A2CB4BBB10026FAFD /* ExploreViewModel.swift in Sources */ = {isa = PBXBuildFile; fileRef = 2AD2AD692CB4BBB10026FAFD /* ExploreViewModel.swift */; };
		2AD2AD6C2CB4BFE80026FAFD /* PreviewProvider.swift in Sources */ = {isa = PBXBuildFile; fileRef = 2AD2AD6B2CB4BFE80026FAFD /* PreviewProvider.swift */; };
		2AD2AD712CB4C6610026FAFD /* CurrentUserProfileView.swift in Sources */ = {isa = PBXBuildFile; fileRef = 2AD2AD702CB4C6610026FAFD /* CurrentUserProfileView.swift */; };
		2AD2AD742CB4C6F20026FAFD /* CurrentUserProfileViewModel.swift in Sources */ = {isa = PBXBuildFile; fileRef = 2AD2AD732CB4C6F20026FAFD /* CurrentUserProfileViewModel.swift */; };
		2AD2AD772CB4CDCB0026FAFD /* ProfileHeaderView.swift in Sources */ = {isa = PBXBuildFile; fileRef = 2AD2AD762CB4CDCA0026FAFD /* ProfileHeaderView.swift */; };
		2AD2AD792CB4CFEA0026FAFD /* UserContentListView.swift in Sources */ = {isa = PBXBuildFile; fileRef = 2AD2AD782CB4CFEA0026FAFD /* UserContentListView.swift */; };
		2AD4C52E2C8D480A00B927BF /* ProfileThreadFilter.swift in Sources */ = {isa = PBXBuildFile; fileRef = 2AD4C52D2C8D480A00B927BF /* ProfileThreadFilter.swift */; };
		2AD84F972CC3102500B617E8 /* ThreadReplyView.swift in Sources */ = {isa = PBXBuildFile; fileRef = 2AD84F962CC3102500B617E8 /* ThreadReplyView.swift */; };
		2AE3CB202CB8ADE0001FED61 /* NewThreadView.swift in Sources */ = {isa = PBXBuildFile; fileRef = 2AE3CB1F2CB8ADE0001FED61 /* NewThreadView.swift */; };
		2AE3CB222CB8AFA2001FED61 /* TimestampExtension.swift in Sources */ = {isa = PBXBuildFile; fileRef = 2AE3CB212CB8AFA2001FED61 /* TimestampExtension.swift */; };
		2AE3EC8A2CC38AB5004E10A6 /* StringExtension.swift in Sources */ = {isa = PBXBuildFile; fileRef = 2AE3EC892CC38AB5004E10A6 /* StringExtension.swift */; };
		2AE3EC902CC38FAD004E10A6 /* UIWindowExtension.swift in Sources */ = {isa = PBXBuildFile; fileRef = 2AE3EC8F2CC38FAD004E10A6 /* UIWindowExtension.swift */; };
		2AE3EC922CC38FB9004E10A6 /* UIScreenExtension.swift in Sources */ = {isa = PBXBuildFile; fileRef = 2AE3EC912CC38FB9004E10A6 /* UIScreenExtension.swift */; };
		2AE74EEB2CC323A100E0C3A5 /* ThreadReplyViewModel.swift in Sources */ = {isa = PBXBuildFile; fileRef = 2AE74EEA2CC3239A00E0C3A5 /* ThreadReplyViewModel.swift */; };
		2AFC0D452C94BB310089AF5B /* GoogleService-Info.plist in Resources */ = {isa = PBXBuildFile; fileRef = 2AFC0D442C94BB310089AF5B /* GoogleService-Info.plist */; };
		2AFC0D482C94BBFE0089AF5B /* FirebaseAuth in Frameworks */ = {isa = PBXBuildFile; productRef = 2AFC0D472C94BBFE0089AF5B /* FirebaseAuth */; };
		2AFC0D4A2C94BBFE0089AF5B /* FirebaseFirestore in Frameworks */ = {isa = PBXBuildFile; productRef = 2AFC0D492C94BBFE0089AF5B /* FirebaseFirestore */; };
		2AFC0D4C2C94BBFE0089AF5B /* FirebaseStorage in Frameworks */ = {isa = PBXBuildFile; productRef = 2AFC0D4B2C94BBFE0089AF5B /* FirebaseStorage */; };
		2AFC0D502C94C0790089AF5B /* RegistrationViewModel.swift in Sources */ = {isa = PBXBuildFile; fileRef = 2AFC0D4F2C94C0790089AF5B /* RegistrationViewModel.swift */; };
/* End PBXBuildFile section */

/* Begin PBXFileReference section */
		2A0ECAF92CB774AB00F79EB3 /* ToastView.swift */ = {isa = PBXFileReference; lastKnownFileType = sourcecode.swift; path = ToastView.swift; sourceTree = "<group>"; };
		2A0ECAFB2CB77F7400F79EB3 /* Thread.swift */ = {isa = PBXFileReference; lastKnownFileType = sourcecode.swift; path = Thread.swift; sourceTree = "<group>"; };
		2A0ECAFE2CB7818F00F79EB3 /* CreateThreadViewModel.swift */ = {isa = PBXFileReference; lastKnownFileType = sourcecode.swift; path = CreateThreadViewModel.swift; sourceTree = "<group>"; };
		2A0ECB002CB781C200F79EB3 /* ThreadService.swift */ = {isa = PBXFileReference; lastKnownFileType = sourcecode.swift; path = ThreadService.swift; sourceTree = "<group>"; };
		2A0ECB0A2CB7A6FF00F79EB3 /* FeedViewModel.swift */ = {isa = PBXFileReference; lastKnownFileType = sourcecode.swift; path = FeedViewModel.swift; sourceTree = "<group>"; };
		2A1860F12CC09A680094F742 /* ContentActionButtonsView.swift */ = {isa = PBXFileReference; lastKnownFileType = sourcecode.swift; path = ContentActionButtonsView.swift; sourceTree = "<group>"; };
		2A1860F52CC09C820094F742 /* ContentActionButtonsViewModel.swift */ = {isa = PBXFileReference; lastKnownFileType = sourcecode.swift; path = ContentActionButtonsViewModel.swift; sourceTree = "<group>"; };
		2A1860F72CC0AAFE0094F742 /* FirestoreConstants.swift */ = {isa = PBXFileReference; lastKnownFileType = sourcecode.swift; path = FirestoreConstants.swift; sourceTree = "<group>"; };
		2A46287A2CB6543D0052D01E /* EditProfileViewModel.swift */ = {isa = PBXFileReference; lastKnownFileType = sourcecode.swift; path = EditProfileViewModel.swift; sourceTree = "<group>"; };
		2A46287C2CB656570052D01E /* ImageUploader.swift */ = {isa = PBXFileReference; lastKnownFileType = sourcecode.swift; path = ImageUploader.swift; sourceTree = "<group>"; };
		2A61E3432CB9F84800BD2BE9 /* UserContentListViewModel.swift */ = {isa = PBXFileReference; lastKnownFileType = sourcecode.swift; path = UserContentListViewModel.swift; sourceTree = "<group>"; };
		2A6677E62C9D1A4D00F78D9A /* ContentViewModel.swift */ = {isa = PBXFileReference; lastKnownFileType = sourcecode.swift; path = ContentViewModel.swift; sourceTree = "<group>"; };
		2A6BAC562C75175B003EB430 /* Threads.app */ = {isa = PBXFileReference; explicitFileType = wrapper.application; includeInIndex = 0; path = Threads.app; sourceTree = BUILT_PRODUCTS_DIR; };
		2A6BAC592C75175B003EB430 /* ThreadsApp.swift */ = {isa = PBXFileReference; lastKnownFileType = sourcecode.swift; path = ThreadsApp.swift; sourceTree = "<group>"; };
		2A6BAC5B2C75175B003EB430 /* ContentView.swift */ = {isa = PBXFileReference; lastKnownFileType = sourcecode.swift; path = ContentView.swift; sourceTree = "<group>"; };
		2A6BAC5D2C75175C003EB430 /* Assets.xcassets */ = {isa = PBXFileReference; lastKnownFileType = folder.assetcatalog; path = Assets.xcassets; sourceTree = "<group>"; };
		2A6BAC602C75175C003EB430 /* Preview Assets.xcassets */ = {isa = PBXFileReference; lastKnownFileType = folder.assetcatalog; path = "Preview Assets.xcassets"; sourceTree = "<group>"; };
		2A7652942C9F8CA400ED98F3 /* ViewExtension.swift */ = {isa = PBXFileReference; lastKnownFileType = sourcecode.swift; path = ViewExtension.swift; sourceTree = "<group>"; };
		2A825F092C8FF8FC0083C198 /* EditProfileView.swift */ = {isa = PBXFileReference; lastKnownFileType = sourcecode.swift; path = EditProfileView.swift; sourceTree = "<group>"; };
		2A8B32002C8D22120042730D /* ThreadCellView.swift */ = {isa = PBXFileReference; lastKnownFileType = sourcecode.swift; path = ThreadCellView.swift; sourceTree = "<group>"; };
		2A8B32032C8D34650042730D /* CircularProfileImageView.swift */ = {isa = PBXFileReference; lastKnownFileType = sourcecode.swift; path = CircularProfileImageView.swift; sourceTree = "<group>"; };
		2A8B32052C8D35140042730D /* UserCellView.swift */ = {isa = PBXFileReference; lastKnownFileType = sourcecode.swift; path = UserCellView.swift; sourceTree = "<group>"; };
		2AA04C9A2C9BC15500E972B2 /* AuthService.swift */ = {isa = PBXFileReference; lastKnownFileType = sourcecode.swift; path = AuthService.swift; sourceTree = "<group>"; };
		2AA04C9C2C9BF01F00E972B2 /* LoginViewModel.swift */ = {isa = PBXFileReference; lastKnownFileType = sourcecode.swift; path = LoginViewModel.swift; sourceTree = "<group>"; };
		2AA04C9E2C9BF4EA00E972B2 /* AuthProgressView.swift */ = {isa = PBXFileReference; lastKnownFileType = sourcecode.swift; path = AuthProgressView.swift; sourceTree = "<group>"; };
		2AB30F922C8BAFF700B94061 /* LoginView.swift */ = {isa = PBXFileReference; lastKnownFileType = sourcecode.swift; path = LoginView.swift; sourceTree = "<group>"; };
		2AB30F942C8BBCFB00B94061 /* RegistrationView.swift */ = {isa = PBXFileReference; lastKnownFileType = sourcecode.swift; path = RegistrationView.swift; sourceTree = "<group>"; };
		2AB30F982C8BC41400B94061 /* TextFieldModifier.swift */ = {isa = PBXFileReference; lastKnownFileType = sourcecode.swift; path = TextFieldModifier.swift; sourceTree = "<group>"; };
		2AB30F9A2C8BC60100B94061 /* AuthenticationButtonModifier.swift */ = {isa = PBXFileReference; lastKnownFileType = sourcecode.swift; path = AuthenticationButtonModifier.swift; sourceTree = "<group>"; };
		2AB30F9F2C8BCA5D00B94061 /* TabBarView.swift */ = {isa = PBXFileReference; lastKnownFileType = sourcecode.swift; path = TabBarView.swift; sourceTree = "<group>"; };
		2AB30FA32C8BCF9F00B94061 /* FeedView.swift */ = {isa = PBXFileReference; lastKnownFileType = sourcecode.swift; path = FeedView.swift; sourceTree = "<group>"; };
		2AB30FA62C8BCFBE00B94061 /* ExploreView.swift */ = {isa = PBXFileReference; lastKnownFileType = sourcecode.swift; path = ExploreView.swift; sourceTree = "<group>"; };
		2AB30FAB2C8BCFEE00B94061 /* ProfileView.swift */ = {isa = PBXFileReference; lastKnownFileType = sourcecode.swift; path = ProfileView.swift; sourceTree = "<group>"; };
		2AB30FAF2C8BD05200B94061 /* ActivityView.swift */ = {isa = PBXFileReference; lastKnownFileType = sourcecode.swift; path = ActivityView.swift; sourceTree = "<group>"; };
		2AB30FB32C8BD08800B94061 /* CreateThreadView.swift */ = {isa = PBXFileReference; lastKnownFileType = sourcecode.swift; path = CreateThreadView.swift; sourceTree = "<group>"; };
		2AD0E9EE2C9E442F00AD7622 /* User.swift */ = {isa = PBXFileReference; lastKnownFileType = sourcecode.swift; path = User.swift; sourceTree = "<group>"; };
		2AD0E9F02C9E46F500AD7622 /* DateExtension.swift */ = {isa = PBXFileReference; lastKnownFileType = sourcecode.swift; path = DateExtension.swift; sourceTree = "<group>"; };
		2AD0E9F22C9E4C7D00AD7622 /* UserService.swift */ = {isa = PBXFileReference; lastKnownFileType = sourcecode.swift; path = UserService.swift; sourceTree = "<group>"; };
		2AD2AD692CB4BBB10026FAFD /* ExploreViewModel.swift */ = {isa = PBXFileReference; lastKnownFileType = sourcecode.swift; path = ExploreViewModel.swift; sourceTree = "<group>"; };
		2AD2AD6B2CB4BFE80026FAFD /* PreviewProvider.swift */ = {isa = PBXFileReference; lastKnownFileType = sourcecode.swift; path = PreviewProvider.swift; sourceTree = "<group>"; };
		2AD2AD702CB4C6610026FAFD /* CurrentUserProfileView.swift */ = {isa = PBXFileReference; lastKnownFileType = sourcecode.swift; path = CurrentUserProfileView.swift; sourceTree = "<group>"; };
		2AD2AD732CB4C6F20026FAFD /* CurrentUserProfileViewModel.swift */ = {isa = PBXFileReference; lastKnownFileType = sourcecode.swift; path = CurrentUserProfileViewModel.swift; sourceTree = "<group>"; };
		2AD2AD762CB4CDCA0026FAFD /* ProfileHeaderView.swift */ = {isa = PBXFileReference; lastKnownFileType = sourcecode.swift; path = ProfileHeaderView.swift; sourceTree = "<group>"; };
		2AD2AD782CB4CFEA0026FAFD /* UserContentListView.swift */ = {isa = PBXFileReference; lastKnownFileType = sourcecode.swift; path = UserContentListView.swift; sourceTree = "<group>"; };
		2AD4C52D2C8D480A00B927BF /* ProfileThreadFilter.swift */ = {isa = PBXFileReference; lastKnownFileType = sourcecode.swift; path = ProfileThreadFilter.swift; sourceTree = "<group>"; };
		2AD84F962CC3102500B617E8 /* ThreadReplyView.swift */ = {isa = PBXFileReference; lastKnownFileType = sourcecode.swift; path = ThreadReplyView.swift; sourceTree = "<group>"; };
		2AE3CB1F2CB8ADE0001FED61 /* NewThreadView.swift */ = {isa = PBXFileReference; lastKnownFileType = sourcecode.swift; path = NewThreadView.swift; sourceTree = "<group>"; };
		2AE3CB212CB8AFA2001FED61 /* TimestampExtension.swift */ = {isa = PBXFileReference; lastKnownFileType = sourcecode.swift; path = TimestampExtension.swift; sourceTree = "<group>"; };
		2AE3EC892CC38AB5004E10A6 /* StringExtension.swift */ = {isa = PBXFileReference; lastKnownFileType = sourcecode.swift; path = StringExtension.swift; sourceTree = "<group>"; };
		2AE3EC8F2CC38FAD004E10A6 /* UIWindowExtension.swift */ = {isa = PBXFileReference; lastKnownFileType = sourcecode.swift; path = UIWindowExtension.swift; sourceTree = "<group>"; };
		2AE3EC912CC38FB9004E10A6 /* UIScreenExtension.swift */ = {isa = PBXFileReference; lastKnownFileType = sourcecode.swift; path = UIScreenExtension.swift; sourceTree = "<group>"; };
		2AE74EEA2CC3239A00E0C3A5 /* ThreadReplyViewModel.swift */ = {isa = PBXFileReference; lastKnownFileType = sourcecode.swift; path = ThreadReplyViewModel.swift; sourceTree = "<group>"; };
		2AFC0D442C94BB310089AF5B /* GoogleService-Info.plist */ = {isa = PBXFileReference; fileEncoding = 4; lastKnownFileType = text.plist.xml; path = "GoogleService-Info.plist"; sourceTree = "<group>"; };
		2AFC0D4F2C94C0790089AF5B /* RegistrationViewModel.swift */ = {isa = PBXFileReference; lastKnownFileType = sourcecode.swift; path = RegistrationViewModel.swift; sourceTree = "<group>"; };
/* End PBXFileReference section */

/* Begin PBXFrameworksBuildPhase section */
		2A6BAC532C75175B003EB430 /* Frameworks */ = {
			isa = PBXFrameworksBuildPhase;
			buildActionMask = 2147483647;
			files = (
				2A0ECAF32CB75D0600F79EB3 /* Kingfisher in Frameworks */,
				2AFC0D482C94BBFE0089AF5B /* FirebaseAuth in Frameworks */,
				2AFC0D4A2C94BBFE0089AF5B /* FirebaseFirestore in Frameworks */,
				2AFC0D4C2C94BBFE0089AF5B /* FirebaseStorage in Frameworks */,
			);
			runOnlyForDeploymentPostprocessing = 0;
		};
/* End PBXFrameworksBuildPhase section */

/* Begin PBXGroup section */
		2A0ECAFD2CB7818000F79EB3 /* ViewModel */ = {
			isa = PBXGroup;
			children = (
				2A0ECAFE2CB7818F00F79EB3 /* CreateThreadViewModel.swift */,
			);
			path = ViewModel;
			sourceTree = "<group>";
		};
		2A0ECB092CB7A6F400F79EB3 /* ViewModel */ = {
			isa = PBXGroup;
			children = (
				2A0ECB0A2CB7A6FF00F79EB3 /* FeedViewModel.swift */,
			);
			path = ViewModel;
			sourceTree = "<group>";
		};
		2A1860EE2CC099470094F742 /* Threads */ = {
			isa = PBXGroup;
			children = (
				2A1860F32CC09C690094F742 /* View */,
				2A1860F42CC09C6D0094F742 /* ViewModel */,
			);
			path = Threads;
			sourceTree = "<group>";
		};
		2A1860EF2CC0994B0094F742 /* User */ = {
			isa = PBXGroup;
			children = (
				2A8B32032C8D34650042730D /* CircularProfileImageView.swift */,
				2A8B32052C8D35140042730D /* UserCellView.swift */,
			);
			path = User;
			sourceTree = "<group>";
		};
		2A1860F02CC09A120094F742 /* Common */ = {
			isa = PBXGroup;
			children = (
				2AA04C9E2C9BF4EA00E972B2 /* AuthProgressView.swift */,
				2A0ECAF92CB774AB00F79EB3 /* ToastView.swift */,
			);
			path = Common;
			sourceTree = "<group>";
		};
		2A1860F32CC09C690094F742 /* View */ = {
			isa = PBXGroup;
			children = (
				2A1860F12CC09A680094F742 /* ContentActionButtonsView.swift */,
				2AE3CB1F2CB8ADE0001FED61 /* NewThreadView.swift */,
				2A8B32002C8D22120042730D /* ThreadCellView.swift */,
			);
			path = View;
			sourceTree = "<group>";
		};
		2A1860F42CC09C6D0094F742 /* ViewModel */ = {
			isa = PBXGroup;
			children = (
				2A1860F52CC09C820094F742 /* ContentActionButtonsViewModel.swift */,
			);
			path = ViewModel;
			sourceTree = "<group>";
		};
		2A4628792CB6541F0052D01E /* ViewModel */ = {
			isa = PBXGroup;
			children = (
				2A46287A2CB6543D0052D01E /* EditProfileViewModel.swift */,
			);
			path = ViewModel;
			sourceTree = "<group>";
		};
		2A61E3412CB9F82300BD2BE9 /* View */ = {
			isa = PBXGroup;
			children = (
				2AD2AD762CB4CDCA0026FAFD /* ProfileHeaderView.swift */,
				2AD2AD782CB4CFEA0026FAFD /* UserContentListView.swift */,
			);
			path = View;
			sourceTree = "<group>";
		};
		2A61E3422CB9F82700BD2BE9 /* ViewModels */ = {
			isa = PBXGroup;
			children = (
				2A61E3432CB9F84800BD2BE9 /* UserContentListViewModel.swift */,
			);
			path = ViewModels;
			sourceTree = "<group>";
		};
		2A6677E42C9D19E800F78D9A /* View */ = {
			isa = PBXGroup;
			children = (
				2A6BAC5B2C75175B003EB430 /* ContentView.swift */,
			);
			path = View;
			sourceTree = "<group>";
		};
		2A6677E52C9D19EC00F78D9A /* ViewModel */ = {
			isa = PBXGroup;
			children = (
				2A6677E62C9D1A4D00F78D9A /* ContentViewModel.swift */,
			);
			path = ViewModel;
			sourceTree = "<group>";
		};
		2A6BAC4D2C75175B003EB430 = {
			isa = PBXGroup;
			children = (
				2AFC0D442C94BB310089AF5B /* GoogleService-Info.plist */,
				2A6BAC572C75175B003EB430 /* Products */,
				2A6BAC582C75175B003EB430 /* Threads */,
			);
			sourceTree = "<group>";
		};
		2A6BAC572C75175B003EB430 /* Products */ = {
			isa = PBXGroup;
			children = (
				2A6BAC562C75175B003EB430 /* Threads.app */,
			);
			name = Products;
			sourceTree = "<group>";
		};
		2A6BAC582C75175B003EB430 /* Threads */ = {
			isa = PBXGroup;
			children = (
				2A6BAC6E2C7519D6003EB430 /* App */,
				2A6BAC5D2C75175C003EB430 /* Assets.xcassets */,
				2A6BAC6D2C7519D5003EB430 /* Core */,
				2A6BAC6C2C7519D1003EB430 /* Extensions */,
				2A6BAC6B2C7519D0003EB430 /* Model */,
				2A6BAC5F2C75175C003EB430 /* Preview Content */,
				2A6BAC6A2C7519CD003EB430 /* Services */,
				2A6BAC672C7519BD003EB430 /* Utils */,
			);
			path = Threads;
			sourceTree = "<group>";
		};
		2A6BAC5F2C75175C003EB430 /* Preview Content */ = {
			isa = PBXGroup;
			children = (
				2A6BAC602C75175C003EB430 /* Preview Assets.xcassets */,
			);
			path = "Preview Content";
			sourceTree = "<group>";
		};
		2A6BAC672C7519BD003EB430 /* Utils */ = {
			isa = PBXGroup;
			children = (
				2A1860F72CC0AAFE0094F742 /* FirestoreConstants.swift */,
				2AB30F972C8BC40400B94061 /* ViewModifiers */,
			);
			path = Utils;
			sourceTree = "<group>";
		};
		2A6BAC6A2C7519CD003EB430 /* Services */ = {
			isa = PBXGroup;
			children = (
				2A46287C2CB656570052D01E /* ImageUploader.swift */,
				2AD0E9F22C9E4C7D00AD7622 /* UserService.swift */,
				2A0ECB002CB781C200F79EB3 /* ThreadService.swift */,
			);
			path = Services;
			sourceTree = "<group>";
		};
		2A6BAC6B2C7519D0003EB430 /* Model */ = {
			isa = PBXGroup;
			children = (
				2A0ECAFB2CB77F7400F79EB3 /* Thread.swift */,
				2AD0E9EE2C9E442F00AD7622 /* User.swift */,
			);
			path = Model;
			sourceTree = "<group>";
		};
		2A6BAC6C2C7519D1003EB430 /* Extensions */ = {
			isa = PBXGroup;
			children = (
				2AD0E9F02C9E46F500AD7622 /* DateExtension.swift */,
				2AD2AD6B2CB4BFE80026FAFD /* PreviewProvider.swift */,
				2AE3EC892CC38AB5004E10A6 /* StringExtension.swift */,
				2AE3CB212CB8AFA2001FED61 /* TimestampExtension.swift */,
				2AE3EC912CC38FB9004E10A6 /* UIScreenExtension.swift */,
				2AE3EC8F2CC38FAD004E10A6 /* UIWindowExtension.swift */,
				2A7652942C9F8CA400ED98F3 /* ViewExtension.swift */,
			);
			path = Extensions;
			sourceTree = "<group>";
		};
		2A6BAC6D2C7519D5003EB430 /* Core */ = {
			isa = PBXGroup;
			children = (
				2AB30FAD2C8BD04200B94061 /* Activity */,
				2AB30F8F2C8BAFB500B94061 /* Authentication */,
				2A8B32022C8D34550042730D /* Components */,
				2AB30FB12C8BD05B00B94061 /* CreateThread */,
				2AB30FA52C8BCFB400B94061 /* Explore */,
				2AB30FA12C8BCF7E00B94061 /* Feed */,
				2AB30F902C8BAFBF00B94061 /* Root */,
				2AB30F9C2C8BCA2500B94061 /* TabBar */,
				2AD84F922CC30FF300B617E8 /* ThreadReplies */,
				2A825F042C8FF8860083C198 /* User */,
			);
			path = Core;
			sourceTree = "<group>";
		};
		2A6BAC6E2C7519D6003EB430 /* App */ = {
			isa = PBXGroup;
			children = (
				2A6BAC592C75175B003EB430 /* ThreadsApp.swift */,
			);
			path = App;
			sourceTree = "<group>";
		};
		2A825F042C8FF8860083C198 /* User */ = {
			isa = PBXGroup;
			children = (
				2AD2AD752CB4CDA20026FAFD /* Components */,
				2AD2AD6D2CB4C62D0026FAFD /* CurrentUserProfile */,
				2A825F052C8FF8910083C198 /* EditProfile */,
				2AD4C52C2C8D47F500B927BF /* Model */,
				2AB30FA92C8BCFDF00B94061 /* UserProfile */,
			);
			path = User;
			sourceTree = "<group>";
		};
		2A825F052C8FF8910083C198 /* EditProfile */ = {
			isa = PBXGroup;
			children = (
				2A825F082C8FF8D00083C198 /* View */,
				2A4628792CB6541F0052D01E /* ViewModel */,
			);
			path = EditProfile;
			sourceTree = "<group>";
		};
		2A825F082C8FF8D00083C198 /* View */ = {
			isa = PBXGroup;
			children = (
				2A825F092C8FF8FC0083C198 /* EditProfileView.swift */,
			);
			path = View;
			sourceTree = "<group>";
		};
		2A8B32022C8D34550042730D /* Components */ = {
			isa = PBXGroup;
			children = (
				2A1860F02CC09A120094F742 /* Common */,
				2A1860EE2CC099470094F742 /* Threads */,
				2A1860EF2CC0994B0094F742 /* User */,
			);
			path = Components;
			sourceTree = "<group>";
		};
		2AB30F8F2C8BAFB500B94061 /* Authentication */ = {
			isa = PBXGroup;
			children = (
				2AFC0D4E2C94BF610089AF5B /* Service */,
				2AFC0D4D2C94BF5A0089AF5B /* ViewModel */,
				2AB30F912C8BAFE700B94061 /* Views */,
			);
			path = Authentication;
			sourceTree = "<group>";
		};
		2AB30F902C8BAFBF00B94061 /* Root */ = {
			isa = PBXGroup;
			children = (
				2A6677E42C9D19E800F78D9A /* View */,
				2A6677E52C9D19EC00F78D9A /* ViewModel */,
			);
			path = Root;
			sourceTree = "<group>";
		};
		2AB30F912C8BAFE700B94061 /* Views */ = {
			isa = PBXGroup;
			children = (
				2AB30F922C8BAFF700B94061 /* LoginView.swift */,
				2AB30F942C8BBCFB00B94061 /* RegistrationView.swift */,
			);
			path = Views;
			sourceTree = "<group>";
		};
		2AB30F972C8BC40400B94061 /* ViewModifiers */ = {
			isa = PBXGroup;
			children = (
				2AB30F982C8BC41400B94061 /* TextFieldModifier.swift */,
				2AB30F9A2C8BC60100B94061 /* AuthenticationButtonModifier.swift */,
			);
			path = ViewModifiers;
			sourceTree = "<group>";
		};
		2AB30F9C2C8BCA2500B94061 /* TabBar */ = {
			isa = PBXGroup;
			children = (
				2AB30F9F2C8BCA5D00B94061 /* TabBarView.swift */,
			);
			path = TabBar;
			sourceTree = "<group>";
		};
		2AB30FA12C8BCF7E00B94061 /* Feed */ = {
			isa = PBXGroup;
			children = (
				2AB30FA22C8BCF8200B94061 /* View */,
				2A0ECB092CB7A6F400F79EB3 /* ViewModel */,
			);
			path = Feed;
			sourceTree = "<group>";
		};
		2AB30FA22C8BCF8200B94061 /* View */ = {
			isa = PBXGroup;
			children = (
				2AB30FA32C8BCF9F00B94061 /* FeedView.swift */,
			);
			path = View;
			sourceTree = "<group>";
		};
		2AB30FA52C8BCFB400B94061 /* Explore */ = {
			isa = PBXGroup;
			children = (
				2AB30FA82C8BCFC400B94061 /* View */,
				2AD2AD682CB4BB9B0026FAFD /* ViewModel */,
			);
			path = Explore;
			sourceTree = "<group>";
		};
		2AB30FA82C8BCFC400B94061 /* View */ = {
			isa = PBXGroup;
			children = (
				2AB30FA62C8BCFBE00B94061 /* ExploreView.swift */,
			);
			path = View;
			sourceTree = "<group>";
		};
		2AB30FA92C8BCFDF00B94061 /* UserProfile */ = {
			isa = PBXGroup;
			children = (
				2AB30FAA2C8BCFE700B94061 /* View */,
			);
			path = UserProfile;
			sourceTree = "<group>";
		};
		2AB30FAA2C8BCFE700B94061 /* View */ = {
			isa = PBXGroup;
			children = (
				2AB30FAB2C8BCFEE00B94061 /* ProfileView.swift */,
			);
			path = View;
			sourceTree = "<group>";
		};
		2AB30FAD2C8BD04200B94061 /* Activity */ = {
			isa = PBXGroup;
			children = (
				2AB30FAE2C8BD04800B94061 /* View */,
			);
			path = Activity;
			sourceTree = "<group>";
		};
		2AB30FAE2C8BD04800B94061 /* View */ = {
			isa = PBXGroup;
			children = (
				2AB30FAF2C8BD05200B94061 /* ActivityView.swift */,
			);
			path = View;
			sourceTree = "<group>";
		};
		2AB30FB12C8BD05B00B94061 /* CreateThread */ = {
			isa = PBXGroup;
			children = (
				2AB30FB22C8BD07000B94061 /* View */,
				2A0ECAFD2CB7818000F79EB3 /* ViewModel */,
			);
			path = CreateThread;
			sourceTree = "<group>";
		};
		2AB30FB22C8BD07000B94061 /* View */ = {
			isa = PBXGroup;
			children = (
				2AB30FB32C8BD08800B94061 /* CreateThreadView.swift */,
			);
			path = View;
			sourceTree = "<group>";
		};
		2AD2AD682CB4BB9B0026FAFD /* ViewModel */ = {
			isa = PBXGroup;
			children = (
				2AD2AD692CB4BBB10026FAFD /* ExploreViewModel.swift */,
			);
			path = ViewModel;
			sourceTree = "<group>";
		};
		2AD2AD6D2CB4C62D0026FAFD /* CurrentUserProfile */ = {
			isa = PBXGroup;
			children = (
				2AD2AD6E2CB4C6420026FAFD /* View */,
				2AD2AD722CB4C6D70026FAFD /* ViewModel */,
			);
			path = CurrentUserProfile;
			sourceTree = "<group>";
		};
		2AD2AD6E2CB4C6420026FAFD /* View */ = {
			isa = PBXGroup;
			children = (
				2AD2AD702CB4C6610026FAFD /* CurrentUserProfileView.swift */,
			);
			path = View;
			sourceTree = "<group>";
		};
		2AD2AD722CB4C6D70026FAFD /* ViewModel */ = {
			isa = PBXGroup;
			children = (
				2AD2AD732CB4C6F20026FAFD /* CurrentUserProfileViewModel.swift */,
			);
			path = ViewModel;
			sourceTree = "<group>";
		};
		2AD2AD752CB4CDA20026FAFD /* Components */ = {
			isa = PBXGroup;
			children = (
				2A61E3412CB9F82300BD2BE9 /* View */,
				2A61E3422CB9F82700BD2BE9 /* ViewModels */,
			);
			path = Components;
			sourceTree = "<group>";
		};
		2AD4C52C2C8D47F500B927BF /* Model */ = {
			isa = PBXGroup;
			children = (
				2AD4C52D2C8D480A00B927BF /* ProfileThreadFilter.swift */,
			);
			path = Model;
			sourceTree = "<group>";
		};
		2AD84F922CC30FF300B617E8 /* ThreadReplies */ = {
			isa = PBXGroup;
			children = (
				2AD84F942CC3100C00B617E8 /* View */,
				2AD84F952CC3101100B617E8 /* ViewModel */,
			);
			path = ThreadReplies;
			sourceTree = "<group>";
		};
		2AD84F942CC3100C00B617E8 /* View */ = {
			isa = PBXGroup;
			children = (
				2AD84F962CC3102500B617E8 /* ThreadReplyView.swift */,
			);
			path = View;
			sourceTree = "<group>";
		};
		2AD84F952CC3101100B617E8 /* ViewModel */ = {
			isa = PBXGroup;
			children = (
				2AE74EEA2CC3239A00E0C3A5 /* ThreadReplyViewModel.swift */,
			);
			path = ViewModel;
			sourceTree = "<group>";
		};
		2AFC0D4D2C94BF5A0089AF5B /* ViewModel */ = {
			isa = PBXGroup;
			children = (
				2AA04C9C2C9BF01F00E972B2 /* LoginViewModel.swift */,
				2AFC0D4F2C94C0790089AF5B /* RegistrationViewModel.swift */,
			);
			path = ViewModel;
			sourceTree = "<group>";
		};
		2AFC0D4E2C94BF610089AF5B /* Service */ = {
			isa = PBXGroup;
			children = (
				2AA04C9A2C9BC15500E972B2 /* AuthService.swift */,
			);
			path = Service;
			sourceTree = "<group>";
		};
/* End PBXGroup section */

/* Begin PBXNativeTarget section */
		2A6BAC552C75175B003EB430 /* Threads */ = {
			isa = PBXNativeTarget;
			buildConfigurationList = 2A6BAC642C75175C003EB430 /* Build configuration list for PBXNativeTarget "Threads" */;
			buildPhases = (
				2A6BAC522C75175B003EB430 /* Sources */,
				2A6BAC532C75175B003EB430 /* Frameworks */,
				2A6BAC542C75175B003EB430 /* Resources */,
			);
			buildRules = (
			);
			dependencies = (
			);
			name = Threads;
			packageProductDependencies = (
				2AFC0D472C94BBFE0089AF5B /* FirebaseAuth */,
				2AFC0D492C94BBFE0089AF5B /* FirebaseFirestore */,
				2AFC0D4B2C94BBFE0089AF5B /* FirebaseStorage */,
				2A0ECAF22CB75D0600F79EB3 /* Kingfisher */,
			);
			productName = Threads;
			productReference = 2A6BAC562C75175B003EB430 /* Threads.app */;
			productType = "com.apple.product-type.application";
		};
/* End PBXNativeTarget section */

/* Begin PBXProject section */
		2A6BAC4E2C75175B003EB430 /* Project object */ = {
			isa = PBXProject;
			attributes = {
				BuildIndependentTargetsInParallel = 1;
				LastSwiftUpdateCheck = 1540;
				LastUpgradeCheck = 1540;
				TargetAttributes = {
					2A6BAC552C75175B003EB430 = {
						CreatedOnToolsVersion = 15.4;
					};
				};
			};
			buildConfigurationList = 2A6BAC512C75175B003EB430 /* Build configuration list for PBXProject "Threads" */;
			compatibilityVersion = "Xcode 14.0";
			developmentRegion = en;
			hasScannedForEncodings = 0;
			knownRegions = (
				en,
				Base,
			);
			mainGroup = 2A6BAC4D2C75175B003EB430;
			packageReferences = (
				2AFC0D462C94BBFE0089AF5B /* XCRemoteSwiftPackageReference "firebase-ios-sdk" */,
				2A0ECAF12CB75D0600F79EB3 /* XCRemoteSwiftPackageReference "Kingfisher" */,
			);
			productRefGroup = 2A6BAC572C75175B003EB430 /* Products */;
			projectDirPath = "";
			projectRoot = "";
			targets = (
				2A6BAC552C75175B003EB430 /* Threads */,
			);
		};
/* End PBXProject section */

/* Begin PBXResourcesBuildPhase section */
		2A6BAC542C75175B003EB430 /* Resources */ = {
			isa = PBXResourcesBuildPhase;
			buildActionMask = 2147483647;
			files = (
				2A6BAC612C75175C003EB430 /* Preview Assets.xcassets in Resources */,
				2A6BAC5E2C75175C003EB430 /* Assets.xcassets in Resources */,
				2AFC0D452C94BB310089AF5B /* GoogleService-Info.plist in Resources */,
			);
			runOnlyForDeploymentPostprocessing = 0;
		};
/* End PBXResourcesBuildPhase section */

/* Begin PBXSourcesBuildPhase section */
		2A6BAC522C75175B003EB430 /* Sources */ = {
			isa = PBXSourcesBuildPhase;
			buildActionMask = 2147483647;
			files = (
				2A46287B2CB6543D0052D01E /* EditProfileViewModel.swift in Sources */,
				2A0ECB012CB781C200F79EB3 /* ThreadService.swift in Sources */,
				2AB30FB42C8BD08800B94061 /* CreateThreadView.swift in Sources */,
				2A0ECAFF2CB7818F00F79EB3 /* CreateThreadViewModel.swift in Sources */,
				2AD0E9F32C9E4C7D00AD7622 /* UserService.swift in Sources */,
				2AD0E9F12C9E46F500AD7622 /* DateExtension.swift in Sources */,
				2AFC0D502C94C0790089AF5B /* RegistrationViewModel.swift in Sources */,
				2A825F0A2C8FF8FC0083C198 /* EditProfileView.swift in Sources */,
				2AB30FB02C8BD05200B94061 /* ActivityView.swift in Sources */,
				2AE3EC922CC38FB9004E10A6 /* UIScreenExtension.swift in Sources */,
				2A0ECAFC2CB77F7400F79EB3 /* Thread.swift in Sources */,
				2AB30FA42C8BCF9F00B94061 /* FeedView.swift in Sources */,
				2AD2AD772CB4CDCB0026FAFD /* ProfileHeaderView.swift in Sources */,
				2AD2AD742CB4C6F20026FAFD /* CurrentUserProfileViewModel.swift in Sources */,
				2AD84F972CC3102500B617E8 /* ThreadReplyView.swift in Sources */,
				2AD4C52E2C8D480A00B927BF /* ProfileThreadFilter.swift in Sources */,
				2A46287D2CB656570052D01E /* ImageUploader.swift in Sources */,
				2AA04C9B2C9BC15500E972B2 /* AuthService.swift in Sources */,
				2A7652952C9F8CA400ED98F3 /* ViewExtension.swift in Sources */,
				2AB30FA72C8BCFBE00B94061 /* ExploreView.swift in Sources */,
				2AA04C9D2C9BF01F00E972B2 /* LoginViewModel.swift in Sources */,
				2AE3EC8A2CC38AB5004E10A6 /* StringExtension.swift in Sources */,
				2AD2AD792CB4CFEA0026FAFD /* UserContentListView.swift in Sources */,
				2AE3CB222CB8AFA2001FED61 /* TimestampExtension.swift in Sources */,
				2AA04C9F2C9BF4EA00E972B2 /* AuthProgressView.swift in Sources */,
				2AD2AD6C2CB4BFE80026FAFD /* PreviewProvider.swift in Sources */,
				2AB30FAC2C8BCFEE00B94061 /* ProfileView.swift in Sources */,
				2AE74EEB2CC323A100E0C3A5 /* ThreadReplyViewModel.swift in Sources */,
				2AB30F932C8BAFF700B94061 /* LoginView.swift in Sources */,
				2AD2AD712CB4C6610026FAFD /* CurrentUserProfileView.swift in Sources */,
				2A6BAC5C2C75175B003EB430 /* ContentView.swift in Sources */,
				2A8B32042C8D34650042730D /* CircularProfileImageView.swift in Sources */,
				2AE3CB202CB8ADE0001FED61 /* NewThreadView.swift in Sources */,
				2A6BAC5A2C75175B003EB430 /* ThreadsApp.swift in Sources */,
				2A8B32012C8D22120042730D /* ThreadCellView.swift in Sources */,
				2AD2AD6A2CB4BBB10026FAFD /* ExploreViewModel.swift in Sources */,
				2AB30F992C8BC41400B94061 /* TextFieldModifier.swift in Sources */,
				2AB30F9B2C8BC60100B94061 /* AuthenticationButtonModifier.swift in Sources */,
				2A0ECAFA2CB774AB00F79EB3 /* ToastView.swift in Sources */,
				2AE3EC902CC38FAD004E10A6 /* UIWindowExtension.swift in Sources */,
				2A1860F82CC0AAFE0094F742 /* FirestoreConstants.swift in Sources */,
				2A61E3442CB9F84800BD2BE9 /* UserContentListViewModel.swift in Sources */,
				2A6677E72C9D1A4D00F78D9A /* ContentViewModel.swift in Sources */,
				2AB30F952C8BBCFB00B94061 /* RegistrationView.swift in Sources */,
				2A1860F22CC09A740094F742 /* ContentActionButtonsView.swift in Sources */,
				2A8B32062C8D35140042730D /* UserCellView.swift in Sources */,
				2AB30FA02C8BCA5D00B94061 /* TabBarView.swift in Sources */,
				2AD0E9EF2C9E442F00AD7622 /* User.swift in Sources */,
				2A1860F62CC09C820094F742 /* ContentActionButtonsViewModel.swift in Sources */,
				2A0ECB0B2CB7A6FF00F79EB3 /* FeedViewModel.swift in Sources */,
			);
			runOnlyForDeploymentPostprocessing = 0;
		};
/* End PBXSourcesBuildPhase section */

/* Begin XCBuildConfiguration section */
		2A6BAC622C75175C003EB430 /* Debug */ = {
			isa = XCBuildConfiguration;
			buildSettings = {
				ALWAYS_SEARCH_USER_PATHS = NO;
				ASSETCATALOG_COMPILER_GENERATE_SWIFT_ASSET_SYMBOL_EXTENSIONS = YES;
				CLANG_ANALYZER_NONNULL = YES;
				CLANG_ANALYZER_NUMBER_OBJECT_CONVERSION = YES_AGGRESSIVE;
				CLANG_CXX_LANGUAGE_STANDARD = "gnu++20";
				CLANG_ENABLE_MODULES = YES;
				CLANG_ENABLE_OBJC_ARC = YES;
				CLANG_ENABLE_OBJC_WEAK = YES;
				CLANG_WARN_BLOCK_CAPTURE_AUTORELEASING = YES;
				CLANG_WARN_BOOL_CONVERSION = YES;
				CLANG_WARN_COMMA = YES;
				CLANG_WARN_CONSTANT_CONVERSION = YES;
				CLANG_WARN_DEPRECATED_OBJC_IMPLEMENTATIONS = YES;
				CLANG_WARN_DIRECT_OBJC_ISA_USAGE = YES_ERROR;
				CLANG_WARN_DOCUMENTATION_COMMENTS = YES;
				CLANG_WARN_EMPTY_BODY = YES;
				CLANG_WARN_ENUM_CONVERSION = YES;
				CLANG_WARN_INFINITE_RECURSION = YES;
				CLANG_WARN_INT_CONVERSION = YES;
				CLANG_WARN_NON_LITERAL_NULL_CONVERSION = YES;
				CLANG_WARN_OBJC_IMPLICIT_RETAIN_SELF = YES;
				CLANG_WARN_OBJC_LITERAL_CONVERSION = YES;
				CLANG_WARN_OBJC_ROOT_CLASS = YES_ERROR;
				CLANG_WARN_QUOTED_INCLUDE_IN_FRAMEWORK_HEADER = YES;
				CLANG_WARN_RANGE_LOOP_ANALYSIS = YES;
				CLANG_WARN_STRICT_PROTOTYPES = YES;
				CLANG_WARN_SUSPICIOUS_MOVE = YES;
				CLANG_WARN_UNGUARDED_AVAILABILITY = YES_AGGRESSIVE;
				CLANG_WARN_UNREACHABLE_CODE = YES;
				CLANG_WARN__DUPLICATE_METHOD_MATCH = YES;
				COPY_PHASE_STRIP = NO;
				DEBUG_INFORMATION_FORMAT = dwarf;
				ENABLE_STRICT_OBJC_MSGSEND = YES;
				ENABLE_TESTABILITY = YES;
				ENABLE_USER_SCRIPT_SANDBOXING = YES;
				GCC_C_LANGUAGE_STANDARD = gnu17;
				GCC_DYNAMIC_NO_PIC = NO;
				GCC_NO_COMMON_BLOCKS = YES;
				GCC_OPTIMIZATION_LEVEL = 0;
				GCC_PREPROCESSOR_DEFINITIONS = (
					"DEBUG=1",
					"$(inherited)",
				);
				GCC_WARN_64_TO_32_BIT_CONVERSION = YES;
				GCC_WARN_ABOUT_RETURN_TYPE = YES_ERROR;
				GCC_WARN_UNDECLARED_SELECTOR = YES;
				GCC_WARN_UNINITIALIZED_AUTOS = YES_AGGRESSIVE;
				GCC_WARN_UNUSED_FUNCTION = YES;
				GCC_WARN_UNUSED_VARIABLE = YES;
				IPHONEOS_DEPLOYMENT_TARGET = 17.5;
				LOCALIZATION_PREFERS_STRING_CATALOGS = YES;
				MTL_ENABLE_DEBUG_INFO = INCLUDE_SOURCE;
				MTL_FAST_MATH = YES;
				ONLY_ACTIVE_ARCH = YES;
				SDKROOT = iphoneos;
				SWIFT_ACTIVE_COMPILATION_CONDITIONS = "DEBUG $(inherited)";
				SWIFT_OPTIMIZATION_LEVEL = "-Onone";
			};
			name = Debug;
		};
		2A6BAC632C75175C003EB430 /* Release */ = {
			isa = XCBuildConfiguration;
			buildSettings = {
				ALWAYS_SEARCH_USER_PATHS = NO;
				ASSETCATALOG_COMPILER_GENERATE_SWIFT_ASSET_SYMBOL_EXTENSIONS = YES;
				CLANG_ANALYZER_NONNULL = YES;
				CLANG_ANALYZER_NUMBER_OBJECT_CONVERSION = YES_AGGRESSIVE;
				CLANG_CXX_LANGUAGE_STANDARD = "gnu++20";
				CLANG_ENABLE_MODULES = YES;
				CLANG_ENABLE_OBJC_ARC = YES;
				CLANG_ENABLE_OBJC_WEAK = YES;
				CLANG_WARN_BLOCK_CAPTURE_AUTORELEASING = YES;
				CLANG_WARN_BOOL_CONVERSION = YES;
				CLANG_WARN_COMMA = YES;
				CLANG_WARN_CONSTANT_CONVERSION = YES;
				CLANG_WARN_DEPRECATED_OBJC_IMPLEMENTATIONS = YES;
				CLANG_WARN_DIRECT_OBJC_ISA_USAGE = YES_ERROR;
				CLANG_WARN_DOCUMENTATION_COMMENTS = YES;
				CLANG_WARN_EMPTY_BODY = YES;
				CLANG_WARN_ENUM_CONVERSION = YES;
				CLANG_WARN_INFINITE_RECURSION = YES;
				CLANG_WARN_INT_CONVERSION = YES;
				CLANG_WARN_NON_LITERAL_NULL_CONVERSION = YES;
				CLANG_WARN_OBJC_IMPLICIT_RETAIN_SELF = YES;
				CLANG_WARN_OBJC_LITERAL_CONVERSION = YES;
				CLANG_WARN_OBJC_ROOT_CLASS = YES_ERROR;
				CLANG_WARN_QUOTED_INCLUDE_IN_FRAMEWORK_HEADER = YES;
				CLANG_WARN_RANGE_LOOP_ANALYSIS = YES;
				CLANG_WARN_STRICT_PROTOTYPES = YES;
				CLANG_WARN_SUSPICIOUS_MOVE = YES;
				CLANG_WARN_UNGUARDED_AVAILABILITY = YES_AGGRESSIVE;
				CLANG_WARN_UNREACHABLE_CODE = YES;
				CLANG_WARN__DUPLICATE_METHOD_MATCH = YES;
				COPY_PHASE_STRIP = NO;
				DEBUG_INFORMATION_FORMAT = "dwarf-with-dsym";
				ENABLE_NS_ASSERTIONS = NO;
				ENABLE_STRICT_OBJC_MSGSEND = YES;
				ENABLE_USER_SCRIPT_SANDBOXING = YES;
				GCC_C_LANGUAGE_STANDARD = gnu17;
				GCC_NO_COMMON_BLOCKS = YES;
				GCC_WARN_64_TO_32_BIT_CONVERSION = YES;
				GCC_WARN_ABOUT_RETURN_TYPE = YES_ERROR;
				GCC_WARN_UNDECLARED_SELECTOR = YES;
				GCC_WARN_UNINITIALIZED_AUTOS = YES_AGGRESSIVE;
				GCC_WARN_UNUSED_FUNCTION = YES;
				GCC_WARN_UNUSED_VARIABLE = YES;
				IPHONEOS_DEPLOYMENT_TARGET = 17.5;
				LOCALIZATION_PREFERS_STRING_CATALOGS = YES;
				MTL_ENABLE_DEBUG_INFO = NO;
				MTL_FAST_MATH = YES;
				SDKROOT = iphoneos;
				SWIFT_COMPILATION_MODE = wholemodule;
				VALIDATE_PRODUCT = YES;
			};
			name = Release;
		};
		2A6BAC652C75175C003EB430 /* Debug */ = {
			isa = XCBuildConfiguration;
			buildSettings = {
				ASSETCATALOG_COMPILER_APPICON_NAME = AppIcon;
				ASSETCATALOG_COMPILER_GLOBAL_ACCENT_COLOR_NAME = AccentColor;
				CODE_SIGN_STYLE = Automatic;
				CURRENT_PROJECT_VERSION = 1;
				DEVELOPMENT_ASSET_PATHS = "\"Threads/Preview Content\"";
				DEVELOPMENT_TEAM = 3H56HFHX43;
				ENABLE_PREVIEWS = YES;
				GENERATE_INFOPLIST_FILE = YES;
				INFOPLIST_KEY_UIApplicationSceneManifest_Generation = YES;
				INFOPLIST_KEY_UIApplicationSupportsIndirectInputEvents = YES;
				INFOPLIST_KEY_UILaunchScreen_Generation = YES;
				INFOPLIST_KEY_UISupportedInterfaceOrientations = UIInterfaceOrientationPortrait;
				LD_RUNPATH_SEARCH_PATHS = (
					"$(inherited)",
					"@executable_path/Frameworks",
				);
				MARKETING_VERSION = 1.0;
				PRODUCT_BUNDLE_IDENTIFIER = com.BTM.Threads;
				PRODUCT_NAME = "$(TARGET_NAME)";
				SWIFT_EMIT_LOC_STRINGS = YES;
				SWIFT_VERSION = 5.0;
				TARGETED_DEVICE_FAMILY = "1,2";
			};
			name = Debug;
		};
		2A6BAC662C75175C003EB430 /* Release */ = {
			isa = XCBuildConfiguration;
			buildSettings = {
				ASSETCATALOG_COMPILER_APPICON_NAME = AppIcon;
				ASSETCATALOG_COMPILER_GLOBAL_ACCENT_COLOR_NAME = AccentColor;
				CODE_SIGN_STYLE = Automatic;
				CURRENT_PROJECT_VERSION = 1;
				DEVELOPMENT_ASSET_PATHS = "\"Threads/Preview Content\"";
				DEVELOPMENT_TEAM = 3H56HFHX43;
				ENABLE_PREVIEWS = YES;
				GENERATE_INFOPLIST_FILE = YES;
				INFOPLIST_KEY_UIApplicationSceneManifest_Generation = YES;
				INFOPLIST_KEY_UIApplicationSupportsIndirectInputEvents = YES;
				INFOPLIST_KEY_UILaunchScreen_Generation = YES;
				INFOPLIST_KEY_UISupportedInterfaceOrientations = UIInterfaceOrientationPortrait;
				LD_RUNPATH_SEARCH_PATHS = (
					"$(inherited)",
					"@executable_path/Frameworks",
				);
				MARKETING_VERSION = 1.0;
				PRODUCT_BUNDLE_IDENTIFIER = com.BTM.Threads;
				PRODUCT_NAME = "$(TARGET_NAME)";
				SWIFT_EMIT_LOC_STRINGS = YES;
				SWIFT_VERSION = 5.0;
				TARGETED_DEVICE_FAMILY = "1,2";
			};
			name = Release;
		};
/* End XCBuildConfiguration section */

/* Begin XCConfigurationList section */
		2A6BAC512C75175B003EB430 /* Build configuration list for PBXProject "Threads" */ = {
			isa = XCConfigurationList;
			buildConfigurations = (
				2A6BAC622C75175C003EB430 /* Debug */,
				2A6BAC632C75175C003EB430 /* Release */,
			);
			defaultConfigurationIsVisible = 0;
			defaultConfigurationName = Release;
		};
		2A6BAC642C75175C003EB430 /* Build configuration list for PBXNativeTarget "Threads" */ = {
			isa = XCConfigurationList;
			buildConfigurations = (
				2A6BAC652C75175C003EB430 /* Debug */,
				2A6BAC662C75175C003EB430 /* Release */,
			);
			defaultConfigurationIsVisible = 0;
			defaultConfigurationName = Release;
		};
/* End XCConfigurationList section */

/* Begin XCRemoteSwiftPackageReference section */
		2A0ECAF12CB75D0600F79EB3 /* XCRemoteSwiftPackageReference "Kingfisher" */ = {
			isa = XCRemoteSwiftPackageReference;
			repositoryURL = "https://github.com/onevcat/Kingfisher";
			requirement = {
				kind = upToNextMajorVersion;
				minimumVersion = 8.0.3;
			};
		};
		2AFC0D462C94BBFE0089AF5B /* XCRemoteSwiftPackageReference "firebase-ios-sdk" */ = {
			isa = XCRemoteSwiftPackageReference;
			repositoryURL = "https://github.com/firebase/firebase-ios-sdk";
			requirement = {
				kind = upToNextMajorVersion;
				minimumVersion = 11.2.0;
			};
		};
/* End XCRemoteSwiftPackageReference section */

/* Begin XCSwiftPackageProductDependency section */
		2A0ECAF22CB75D0600F79EB3 /* Kingfisher */ = {
			isa = XCSwiftPackageProductDependency;
			package = 2A0ECAF12CB75D0600F79EB3 /* XCRemoteSwiftPackageReference "Kingfisher" */;
			productName = Kingfisher;
		};
		2AFC0D472C94BBFE0089AF5B /* FirebaseAuth */ = {
			isa = XCSwiftPackageProductDependency;
			package = 2AFC0D462C94BBFE0089AF5B /* XCRemoteSwiftPackageReference "firebase-ios-sdk" */;
			productName = FirebaseAuth;
		};
		2AFC0D492C94BBFE0089AF5B /* FirebaseFirestore */ = {
			isa = XCSwiftPackageProductDependency;
			package = 2AFC0D462C94BBFE0089AF5B /* XCRemoteSwiftPackageReference "firebase-ios-sdk" */;
			productName = FirebaseFirestore;
		};
		2AFC0D4B2C94BBFE0089AF5B /* FirebaseStorage */ = {
			isa = XCSwiftPackageProductDependency;
			package = 2AFC0D462C94BBFE0089AF5B /* XCRemoteSwiftPackageReference "firebase-ios-sdk" */;
			productName = FirebaseStorage;
		};
/* End XCSwiftPackageProductDependency section */
	};
	rootObject = 2A6BAC4E2C75175B003EB430 /* Project object */;
}
