// !$*UTF8*$!
{
	archiveVersion = 1;
	classes = {
	};
	objectVersion = 56;
	objects = {

/* Begin PBXBuildFile section */
		2A6BAC5A2C75175B003EB430 /* ThreadsApp.swift in Sources */ = {isa = PBXBuildFile; fileRef = 2A6BAC592C75175B003EB430 /* ThreadsApp.swift */; };
		2A6BAC5C2C75175B003EB430 /* ContentView.swift in Sources */ = {isa = PBXBuildFile; fileRef = 2A6BAC5B2C75175B003EB430 /* ContentView.swift */; };
		2A6BAC5E2C75175C003EB430 /* Assets.xcassets in Resources */ = {isa = PBXBuildFile; fileRef = 2A6BAC5D2C75175C003EB430 /* Assets.xcassets */; };
		2A6BAC612C75175C003EB430 /* Preview Assets.xcassets in Resources */ = {isa = PBXBuildFile; fileRef = 2A6BAC602C75175C003EB430 /* Preview Assets.xcassets */; };
		2A8B32012C8D22120042730D /* ThreadCellView.swift in Sources */ = {isa = PBXBuildFile; fileRef = 2A8B32002C8D22120042730D /* ThreadCellView.swift */; };
		2A8B32042C8D34650042730D /* CircularProfileView.swift in Sources */ = {isa = PBXBuildFile; fileRef = 2A8B32032C8D34650042730D /* CircularProfileView.swift */; };
		2A8B32062C8D35140042730D /* UserCellView.swift in Sources */ = {isa = PBXBuildFile; fileRef = 2A8B32052C8D35140042730D /* UserCellView.swift */; };
		2AB30F932C8BAFF700B94061 /* LoginView.swift in Sources */ = {isa = PBXBuildFile; fileRef = 2AB30F922C8BAFF700B94061 /* LoginView.swift */; };
		2AB30F952C8BBCFB00B94061 /* RegistrationView.swift in Sources */ = {isa = PBXBuildFile; fileRef = 2AB30F942C8BBCFB00B94061 /* RegistrationView.swift */; };
		2AB30F992C8BC41400B94061 /* TextFieldModifier.swift in Sources */ = {isa = PBXBuildFile; fileRef = 2AB30F982C8BC41400B94061 /* TextFieldModifier.swift */; };
		2AB30F9B2C8BC60100B94061 /* AuthenticationButtonModifier.swift in Sources */ = {isa = PBXBuildFile; fileRef = 2AB30F9A2C8BC60100B94061 /* AuthenticationButtonModifier.swift */; };
		2AB30FA02C8BCA5D00B94061 /* TabBarView.swift in Sources */ = {isa = PBXBuildFile; fileRef = 2AB30F9F2C8BCA5D00B94061 /* TabBarView.swift */; };
		2AB30FA42C8BCF9F00B94061 /* FeedView.swift in Sources */ = {isa = PBXBuildFile; fileRef = 2AB30FA32C8BCF9F00B94061 /* FeedView.swift */; };
		2AB30FA72C8BCFBE00B94061 /* ExploreView.swift in Sources */ = {isa = PBXBuildFile; fileRef = 2AB30FA62C8BCFBE00B94061 /* ExploreView.swift */; };
		2AB30FAC2C8BCFEE00B94061 /* ProfileView.swift in Sources */ = {isa = PBXBuildFile; fileRef = 2AB30FAB2C8BCFEE00B94061 /* ProfileView.swift */; };
		2AB30FB02C8BD05200B94061 /* ActivityView.swift in Sources */ = {isa = PBXBuildFile; fileRef = 2AB30FAF2C8BD05200B94061 /* ActivityView.swift */; };
		2AB30FB42C8BD08800B94061 /* CreateThreadView.swift in Sources */ = {isa = PBXBuildFile; fileRef = 2AB30FB32C8BD08800B94061 /* CreateThreadView.swift */; };
		2AD4C52E2C8D480A00B927BF /* ProfileThreadFilter.swift in Sources */ = {isa = PBXBuildFile; fileRef = 2AD4C52D2C8D480A00B927BF /* ProfileThreadFilter.swift */; };
/* End PBXBuildFile section */

/* Begin PBXFileReference section */
		2A6BAC562C75175B003EB430 /* Threads.app */ = {isa = PBXFileReference; explicitFileType = wrapper.application; includeInIndex = 0; path = Threads.app; sourceTree = BUILT_PRODUCTS_DIR; };
		2A6BAC592C75175B003EB430 /* ThreadsApp.swift */ = {isa = PBXFileReference; lastKnownFileType = sourcecode.swift; path = ThreadsApp.swift; sourceTree = "<group>"; };
		2A6BAC5B2C75175B003EB430 /* ContentView.swift */ = {isa = PBXFileReference; lastKnownFileType = sourcecode.swift; path = ContentView.swift; sourceTree = "<group>"; };
		2A6BAC5D2C75175C003EB430 /* Assets.xcassets */ = {isa = PBXFileReference; lastKnownFileType = folder.assetcatalog; path = Assets.xcassets; sourceTree = "<group>"; };
		2A6BAC602C75175C003EB430 /* Preview Assets.xcassets */ = {isa = PBXFileReference; lastKnownFileType = folder.assetcatalog; path = "Preview Assets.xcassets"; sourceTree = "<group>"; };
		2A8B32002C8D22120042730D /* ThreadCellView.swift */ = {isa = PBXFileReference; lastKnownFileType = sourcecode.swift; path = ThreadCellView.swift; sourceTree = "<group>"; };
		2A8B32032C8D34650042730D /* CircularProfileView.swift */ = {isa = PBXFileReference; lastKnownFileType = sourcecode.swift; path = CircularProfileView.swift; sourceTree = "<group>"; };
		2A8B32052C8D35140042730D /* UserCellView.swift */ = {isa = PBXFileReference; lastKnownFileType = sourcecode.swift; path = UserCellView.swift; sourceTree = "<group>"; };
		2AB30F922C8BAFF700B94061 /* LoginView.swift */ = {isa = PBXFileReference; lastKnownFileType = sourcecode.swift; path = LoginView.swift; sourceTree = "<group>"; };
		2AB30F942C8BBCFB00B94061 /* RegistrationView.swift */ = {isa = PBXFileReference; lastKnownFileType = sourcecode.swift; path = RegistrationView.swift; sourceTree = "<group>"; };
		2AB30F982C8BC41400B94061 /* TextFieldModifier.swift */ = {isa = PBXFileReference; lastKnownFileType = sourcecode.swift; path = TextFieldModifier.swift; sourceTree = "<group>"; };
		2AB30F9A2C8BC60100B94061 /* AuthenticationButtonModifier.swift */ = {isa = PBXFileReference; lastKnownFileType = sourcecode.swift; path = AuthenticationButtonModifier.swift; sourceTree = "<group>"; };
		2AB30F9F2C8BCA5D00B94061 /* TabBarView.swift */ = {isa = PBXFileReference; lastKnownFileType = sourcecode.swift; path = TabBarView.swift; sourceTree = "<group>"; };
		2AB30FA32C8BCF9F00B94061 /* FeedView.swift */ = {isa = PBXFileReference; lastKnownFileType = sourcecode.swift; path = FeedView.swift; sourceTree = "<group>"; };
		2AB30FA62C8BCFBE00B94061 /* ExploreView.swift */ = {isa = PBXFileReference; lastKnownFileType = sourcecode.swift; path = ExploreView.swift; sourceTree = "<group>"; };
		2AB30FAB2C8BCFEE00B94061 /* ProfileView.swift */ = {isa = PBXFileReference; lastKnownFileType = sourcecode.swift; path = ProfileView.swift; sourceTree = "<group>"; };
		2AB30FAF2C8BD05200B94061 /* ActivityView.swift */ = {isa = PBXFileReference; lastKnownFileType = sourcecode.swift; path = ActivityView.swift; sourceTree = "<group>"; };
		2AB30FB32C8BD08800B94061 /* CreateThreadView.swift */ = {isa = PBXFileReference; lastKnownFileType = sourcecode.swift; path = CreateThreadView.swift; sourceTree = "<group>"; };
		2AD4C52D2C8D480A00B927BF /* ProfileThreadFilter.swift */ = {isa = PBXFileReference; lastKnownFileType = sourcecode.swift; path = ProfileThreadFilter.swift; sourceTree = "<group>"; };
/* End PBXFileReference section */

/* Begin PBXFrameworksBuildPhase section */
		2A6BAC532C75175B003EB430 /* Frameworks */ = {
			isa = PBXFrameworksBuildPhase;
			buildActionMask = 2147483647;
			files = (
			);
			runOnlyForDeploymentPostprocessing = 0;
		};
/* End PBXFrameworksBuildPhase section */

/* Begin PBXGroup section */
		2A6BAC4D2C75175B003EB430 = {
			isa = PBXGroup;
			children = (
				2A6BAC582C75175B003EB430 /* Threads */,
				2A6BAC572C75175B003EB430 /* Products */,
			);
			sourceTree = "<group>";
		};
		2A6BAC572C75175B003EB430 /* Products */ = {
			isa = PBXGroup;
			children = (
				2A6BAC562C75175B003EB430 /* Threads.app */,
			);
			name = Products;
			sourceTree = "<group>";
		};
		2A6BAC582C75175B003EB430 /* Threads */ = {
			isa = PBXGroup;
			children = (
				2A6BAC6E2C7519D6003EB430 /* App */,
				2A6BAC6D2C7519D5003EB430 /* Core */,
				2A6BAC6C2C7519D1003EB430 /* Extensions */,
				2A6BAC6B2C7519D0003EB430 /* Model */,
				2A6BAC6A2C7519CD003EB430 /* Services */,
				2A6BAC672C7519BD003EB430 /* Utils */,
				2A6BAC5D2C75175C003EB430 /* Assets.xcassets */,
				2A6BAC5F2C75175C003EB430 /* Preview Content */,
			);
			path = Threads;
			sourceTree = "<group>";
		};
		2A6BAC5F2C75175C003EB430 /* Preview Content */ = {
			isa = PBXGroup;
			children = (
				2A6BAC602C75175C003EB430 /* Preview Assets.xcassets */,
			);
			path = "Preview Content";
			sourceTree = "<group>";
		};
		2A6BAC672C7519BD003EB430 /* Utils */ = {
			isa = PBXGroup;
			children = (
				2AB30F972C8BC40400B94061 /* ViewModifiers */,
			);
			path = Utils;
			sourceTree = "<group>";
		};
		2A6BAC6A2C7519CD003EB430 /* Services */ = {
			isa = PBXGroup;
			children = (
			);
			path = Services;
			sourceTree = "<group>";
		};
		2A6BAC6B2C7519D0003EB430 /* Model */ = {
			isa = PBXGroup;
			children = (
			);
			path = Model;
			sourceTree = "<group>";
		};
		2A6BAC6C2C7519D1003EB430 /* Extensions */ = {
			isa = PBXGroup;
			children = (
			);
			path = Extensions;
			sourceTree = "<group>";
		};
		2A6BAC6D2C7519D5003EB430 /* Core */ = {
			isa = PBXGroup;
			children = (
				2AB30FAD2C8BD04200B94061 /* Activity */,
				2AB30F8F2C8BAFB500B94061 /* Authentication */,
				2A8B32022C8D34550042730D /* Components */,
				2AB30FA52C8BCFB400B94061 /* Explore */,
				2AB30FA12C8BCF7E00B94061 /* Feed */,
				2AB30FA92C8BCFDF00B94061 /* Profile */,
				2AB30F902C8BAFBF00B94061 /* Root */,
				2AB30F9C2C8BCA2500B94061 /* TabBar */,
				2AB30FB12C8BD05B00B94061 /* ThreadCreation */,
			);
			path = Core;
			sourceTree = "<group>";
		};
		2A6BAC6E2C7519D6003EB430 /* App */ = {
			isa = PBXGroup;
			children = (
				2A6BAC592C75175B003EB430 /* ThreadsApp.swift */,
			);
			path = App;
			sourceTree = "<group>";
		};
		2A8B32022C8D34550042730D /* Components */ = {
			isa = PBXGroup;
			children = (
				2A8B32032C8D34650042730D /* CircularProfileView.swift */,
				2A8B32052C8D35140042730D /* UserCellView.swift */,
			);
			path = Components;
			sourceTree = "<group>";
		};
		2AB30F8F2C8BAFB500B94061 /* Authentication */ = {
			isa = PBXGroup;
			children = (
				2AB30F912C8BAFE700B94061 /* Views */,
			);
			path = Authentication;
			sourceTree = "<group>";
		};
		2AB30F902C8BAFBF00B94061 /* Root */ = {
			isa = PBXGroup;
			children = (
				2A6BAC5B2C75175B003EB430 /* ContentView.swift */,
			);
			path = Root;
			sourceTree = "<group>";
		};
		2AB30F912C8BAFE700B94061 /* Views */ = {
			isa = PBXGroup;
			children = (
				2AB30F922C8BAFF700B94061 /* LoginView.swift */,
				2AB30F942C8BBCFB00B94061 /* RegistrationView.swift */,
			);
			path = Views;
			sourceTree = "<group>";
		};
		2AB30F972C8BC40400B94061 /* ViewModifiers */ = {
			isa = PBXGroup;
			children = (
				2AB30F982C8BC41400B94061 /* TextFieldModifier.swift */,
				2AB30F9A2C8BC60100B94061 /* AuthenticationButtonModifier.swift */,
			);
			path = ViewModifiers;
			sourceTree = "<group>";
		};
		2AB30F9C2C8BCA2500B94061 /* TabBar */ = {
			isa = PBXGroup;
			children = (
				2AB30F9F2C8BCA5D00B94061 /* TabBarView.swift */,
			);
			path = TabBar;
			sourceTree = "<group>";
		};
		2AB30FA12C8BCF7E00B94061 /* Feed */ = {
			isa = PBXGroup;
			children = (
				2AB30FA22C8BCF8200B94061 /* View */,
			);
			path = Feed;
			sourceTree = "<group>";
		};
		2AB30FA22C8BCF8200B94061 /* View */ = {
			isa = PBXGroup;
			children = (
				2AB30FA32C8BCF9F00B94061 /* FeedView.swift */,
				2A8B32002C8D22120042730D /* ThreadCellView.swift */,
			);
			path = View;
			sourceTree = "<group>";
		};
		2AB30FA52C8BCFB400B94061 /* Explore */ = {
			isa = PBXGroup;
			children = (
				2AB30FA82C8BCFC400B94061 /* View */,
			);
			path = Explore;
			sourceTree = "<group>";
		};
		2AB30FA82C8BCFC400B94061 /* View */ = {
			isa = PBXGroup;
			children = (
				2AB30FA62C8BCFBE00B94061 /* ExploreView.swift */,
			);
			path = View;
			sourceTree = "<group>";
		};
		2AB30FA92C8BCFDF00B94061 /* Profile */ = {
			isa = PBXGroup;
			children = (
				2AD4C52C2C8D47F500B927BF /* Model */,
				2AB30FAA2C8BCFE700B94061 /* View */,
			);
			path = Profile;
			sourceTree = "<group>";
		};
		2AB30FAA2C8BCFE700B94061 /* View */ = {
			isa = PBXGroup;
			children = (
				2AB30FAB2C8BCFEE00B94061 /* ProfileView.swift */,
			);
			path = View;
			sourceTree = "<group>";
		};
		2AB30FAD2C8BD04200B94061 /* Activity */ = {
			isa = PBXGroup;
			children = (
				2AB30FAE2C8BD04800B94061 /* View */,
			);
			path = Activity;
			sourceTree = "<group>";
		};
		2AB30FAE2C8BD04800B94061 /* View */ = {
			isa = PBXGroup;
			children = (
				2AB30FAF2C8BD05200B94061 /* ActivityView.swift */,
			);
			path = View;
			sourceTree = "<group>";
		};
		2AB30FB12C8BD05B00B94061 /* ThreadCreation */ = {
			isa = PBXGroup;
			children = (
				2AB30FB22C8BD07000B94061 /* View */,
			);
			path = ThreadCreation;
			sourceTree = "<group>";
		};
		2AB30FB22C8BD07000B94061 /* View */ = {
			isa = PBXGroup;
			children = (
				2AB30FB32C8BD08800B94061 /* CreateThreadView.swift */,
			);
			path = View;
			sourceTree = "<group>";
		};
		2AD4C52C2C8D47F500B927BF /* Model */ = {
			isa = PBXGroup;
			children = (
				2AD4C52D2C8D480A00B927BF /* ProfileThreadFilter.swift */,
			);
			path = Model;
			sourceTree = "<group>";
		};
/* End PBXGroup section */

/* Begin PBXNativeTarget section */
		2A6BAC552C75175B003EB430 /* Threads */ = {
			isa = PBXNativeTarget;
			buildConfigurationList = 2A6BAC642C75175C003EB430 /* Build configuration list for PBXNativeTarget "Threads" */;
			buildPhases = (
				2A6BAC522C75175B003EB430 /* Sources */,
				2A6BAC532C75175B003EB430 /* Frameworks */,
				2A6BAC542C75175B003EB430 /* Resources */,
			);
			buildRules = (
			);
			dependencies = (
			);
			name = Threads;
			productName = Threads;
			productReference = 2A6BAC562C75175B003EB430 /* Threads.app */;
			productType = "com.apple.product-type.application";
		};
/* End PBXNativeTarget section */

/* Begin PBXProject section */
		2A6BAC4E2C75175B003EB430 /* Project object */ = {
			isa = PBXProject;
			attributes = {
				BuildIndependentTargetsInParallel = 1;
				LastSwiftUpdateCheck = 1540;
				LastUpgradeCheck = 1540;
				TargetAttributes = {
					2A6BAC552C75175B003EB430 = {
						CreatedOnToolsVersion = 15.4;
					};
				};
			};
			buildConfigurationList = 2A6BAC512C75175B003EB430 /* Build configuration list for PBXProject "Threads" */;
			compatibilityVersion = "Xcode 14.0";
			developmentRegion = en;
			hasScannedForEncodings = 0;
			knownRegions = (
				en,
				Base,
			);
			mainGroup = 2A6BAC4D2C75175B003EB430;
			productRefGroup = 2A6BAC572C75175B003EB430 /* Products */;
			projectDirPath = "";
			projectRoot = "";
			targets = (
				2A6BAC552C75175B003EB430 /* Threads */,
			);
		};
/* End PBXProject section */

/* Begin PBXResourcesBuildPhase section */
		2A6BAC542C75175B003EB430 /* Resources */ = {
			isa = PBXResourcesBuildPhase;
			buildActionMask = 2147483647;
			files = (
				2A6BAC612C75175C003EB430 /* Preview Assets.xcassets in Resources */,
				2A6BAC5E2C75175C003EB430 /* Assets.xcassets in Resources */,
			);
			runOnlyForDeploymentPostprocessing = 0;
		};
/* End PBXResourcesBuildPhase section */

/* Begin PBXSourcesBuildPhase section */
		2A6BAC522C75175B003EB430 /* Sources */ = {
			isa = PBXSourcesBuildPhase;
			buildActionMask = 2147483647;
			files = (
				2AB30FB42C8BD08800B94061 /* CreateThreadView.swift in Sources */,
				2AB30FB02C8BD05200B94061 /* ActivityView.swift in Sources */,
				2AB30FA42C8BCF9F00B94061 /* FeedView.swift in Sources */,
				2AD4C52E2C8D480A00B927BF /* ProfileThreadFilter.swift in Sources */,
				2AB30FA72C8BCFBE00B94061 /* ExploreView.swift in Sources */,
				2AB30FAC2C8BCFEE00B94061 /* ProfileView.swift in Sources */,
				2AB30F932C8BAFF700B94061 /* LoginView.swift in Sources */,
				2A6BAC5C2C75175B003EB430 /* ContentView.swift in Sources */,
				2A8B32042C8D34650042730D /* CircularProfileView.swift in Sources */,
				2A6BAC5A2C75175B003EB430 /* ThreadsApp.swift in Sources */,
				2A8B32012C8D22120042730D /* ThreadCellView.swift in Sources */,
				2AB30F992C8BC41400B94061 /* TextFieldModifier.swift in Sources */,
				2AB30F9B2C8BC60100B94061 /* AuthenticationButtonModifier.swift in Sources */,
				2AB30F952C8BBCFB00B94061 /* RegistrationView.swift in Sources */,
				2A8B32062C8D35140042730D /* UserCellView.swift in Sources */,
				2AB30FA02C8BCA5D00B94061 /* TabBarView.swift in Sources */,
			);
			runOnlyForDeploymentPostprocessing = 0;
		};
/* End PBXSourcesBuildPhase section */

/* Begin XCBuildConfiguration section */
		2A6BAC622C75175C003EB430 /* Debug */ = {
			isa = XCBuildConfiguration;
			buildSettings = {
				ALWAYS_SEARCH_USER_PATHS = NO;
				ASSETCATALOG_COMPILER_GENERATE_SWIFT_ASSET_SYMBOL_EXTENSIONS = YES;
				CLANG_ANALYZER_NONNULL = YES;
				CLANG_ANALYZER_NUMBER_OBJECT_CONVERSION = YES_AGGRESSIVE;
				CLANG_CXX_LANGUAGE_STANDARD = "gnu++20";
				CLANG_ENABLE_MODULES = YES;
				CLANG_ENABLE_OBJC_ARC = YES;
				CLANG_ENABLE_OBJC_WEAK = YES;
				CLANG_WARN_BLOCK_CAPTURE_AUTORELEASING = YES;
				CLANG_WARN_BOOL_CONVERSION = YES;
				CLANG_WARN_COMMA = YES;
				CLANG_WARN_CONSTANT_CONVERSION = YES;
				CLANG_WARN_DEPRECATED_OBJC_IMPLEMENTATIONS = YES;
				CLANG_WARN_DIRECT_OBJC_ISA_USAGE = YES_ERROR;
				CLANG_WARN_DOCUMENTATION_COMMENTS = YES;
				CLANG_WARN_EMPTY_BODY = YES;
				CLANG_WARN_ENUM_CONVERSION = YES;
				CLANG_WARN_INFINITE_RECURSION = YES;
				CLANG_WARN_INT_CONVERSION = YES;
				CLANG_WARN_NON_LITERAL_NULL_CONVERSION = YES;
				CLANG_WARN_OBJC_IMPLICIT_RETAIN_SELF = YES;
				CLANG_WARN_OBJC_LITERAL_CONVERSION = YES;
				CLANG_WARN_OBJC_ROOT_CLASS = YES_ERROR;
				CLANG_WARN_QUOTED_INCLUDE_IN_FRAMEWORK_HEADER = YES;
				CLANG_WARN_RANGE_LOOP_ANALYSIS = YES;
				CLANG_WARN_STRICT_PROTOTYPES = YES;
				CLANG_WARN_SUSPICIOUS_MOVE = YES;
				CLANG_WARN_UNGUARDED_AVAILABILITY = YES_AGGRESSIVE;
				CLANG_WARN_UNREACHABLE_CODE = YES;
				CLANG_WARN__DUPLICATE_METHOD_MATCH = YES;
				COPY_PHASE_STRIP = NO;
				DEBUG_INFORMATION_FORMAT = dwarf;
				ENABLE_STRICT_OBJC_MSGSEND = YES;
				ENABLE_TESTABILITY = YES;
				ENABLE_USER_SCRIPT_SANDBOXING = YES;
				GCC_C_LANGUAGE_STANDARD = gnu17;
				GCC_DYNAMIC_NO_PIC = NO;
				GCC_NO_COMMON_BLOCKS = YES;
				GCC_OPTIMIZATION_LEVEL = 0;
				GCC_PREPROCESSOR_DEFINITIONS = (
					"DEBUG=1",
					"$(inherited)",
				);
				GCC_WARN_64_TO_32_BIT_CONVERSION = YES;
				GCC_WARN_ABOUT_RETURN_TYPE = YES_ERROR;
				GCC_WARN_UNDECLARED_SELECTOR = YES;
				GCC_WARN_UNINITIALIZED_AUTOS = YES_AGGRESSIVE;
				GCC_WARN_UNUSED_FUNCTION = YES;
				GCC_WARN_UNUSED_VARIABLE = YES;
				IPHONEOS_DEPLOYMENT_TARGET = 17.5;
				LOCALIZATION_PREFERS_STRING_CATALOGS = YES;
				MTL_ENABLE_DEBUG_INFO = INCLUDE_SOURCE;
				MTL_FAST_MATH = YES;
				ONLY_ACTIVE_ARCH = YES;
				SDKROOT = iphoneos;
				SWIFT_ACTIVE_COMPILATION_CONDITIONS = "DEBUG $(inherited)";
				SWIFT_OPTIMIZATION_LEVEL = "-Onone";
			};
			name = Debug;
		};
		2A6BAC632C75175C003EB430 /* Release */ = {
			isa = XCBuildConfiguration;
			buildSettings = {
				ALWAYS_SEARCH_USER_PATHS = NO;
				ASSETCATALOG_COMPILER_GENERATE_SWIFT_ASSET_SYMBOL_EXTENSIONS = YES;
				CLANG_ANALYZER_NONNULL = YES;
				CLANG_ANALYZER_NUMBER_OBJECT_CONVERSION = YES_AGGRESSIVE;
				CLANG_CXX_LANGUAGE_STANDARD = "gnu++20";
				CLANG_ENABLE_MODULES = YES;
				CLANG_ENABLE_OBJC_ARC = YES;
				CLANG_ENABLE_OBJC_WEAK = YES;
				CLANG_WARN_BLOCK_CAPTURE_AUTORELEASING = YES;
				CLANG_WARN_BOOL_CONVERSION = YES;
				CLANG_WARN_COMMA = YES;
				CLANG_WARN_CONSTANT_CONVERSION = YES;
				CLANG_WARN_DEPRECATED_OBJC_IMPLEMENTATIONS = YES;
				CLANG_WARN_DIRECT_OBJC_ISA_USAGE = YES_ERROR;
				CLANG_WARN_DOCUMENTATION_COMMENTS = YES;
				CLANG_WARN_EMPTY_BODY = YES;
				CLANG_WARN_ENUM_CONVERSION = YES;
				CLANG_WARN_INFINITE_RECURSION = YES;
				CLANG_WARN_INT_CONVERSION = YES;
				CLANG_WARN_NON_LITERAL_NULL_CONVERSION = YES;
				CLANG_WARN_OBJC_IMPLICIT_RETAIN_SELF = YES;
				CLANG_WARN_OBJC_LITERAL_CONVERSION = YES;
				CLANG_WARN_OBJC_ROOT_CLASS = YES_ERROR;
				CLANG_WARN_QUOTED_INCLUDE_IN_FRAMEWORK_HEADER = YES;
				CLANG_WARN_RANGE_LOOP_ANALYSIS = YES;
				CLANG_WARN_STRICT_PROTOTYPES = YES;
				CLANG_WARN_SUSPICIOUS_MOVE = YES;
				CLANG_WARN_UNGUARDED_AVAILABILITY = YES_AGGRESSIVE;
				CLANG_WARN_UNREACHABLE_CODE = YES;
				CLANG_WARN__DUPLICATE_METHOD_MATCH = YES;
				COPY_PHASE_STRIP = NO;
				DEBUG_INFORMATION_FORMAT = "dwarf-with-dsym";
				ENABLE_NS_ASSERTIONS = NO;
				ENABLE_STRICT_OBJC_MSGSEND = YES;
				ENABLE_USER_SCRIPT_SANDBOXING = YES;
				GCC_C_LANGUAGE_STANDARD = gnu17;
				GCC_NO_COMMON_BLOCKS = YES;
				GCC_WARN_64_TO_32_BIT_CONVERSION = YES;
				GCC_WARN_ABOUT_RETURN_TYPE = YES_ERROR;
				GCC_WARN_UNDECLARED_SELECTOR = YES;
				GCC_WARN_UNINITIALIZED_AUTOS = YES_AGGRESSIVE;
				GCC_WARN_UNUSED_FUNCTION = YES;
				GCC_WARN_UNUSED_VARIABLE = YES;
				IPHONEOS_DEPLOYMENT_TARGET = 17.5;
				LOCALIZATION_PREFERS_STRING_CATALOGS = YES;
				MTL_ENABLE_DEBUG_INFO = NO;
				MTL_FAST_MATH = YES;
				SDKROOT = iphoneos;
				SWIFT_COMPILATION_MODE = wholemodule;
				VALIDATE_PRODUCT = YES;
			};
			name = Release;
		};
		2A6BAC652C75175C003EB430 /* Debug */ = {
			isa = XCBuildConfiguration;
			buildSettings = {
				ASSETCATALOG_COMPILER_APPICON_NAME = AppIcon;
				ASSETCATALOG_COMPILER_GLOBAL_ACCENT_COLOR_NAME = AccentColor;
				CODE_SIGN_STYLE = Automatic;
				CURRENT_PROJECT_VERSION = 1;
				DEVELOPMENT_ASSET_PATHS = "\"Threads/Preview Content\"";
				DEVELOPMENT_TEAM = 3H56HFHX43;
				ENABLE_PREVIEWS = YES;
				GENERATE_INFOPLIST_FILE = YES;
				INFOPLIST_KEY_UIApplicationSceneManifest_Generation = YES;
				INFOPLIST_KEY_UIApplicationSupportsIndirectInputEvents = YES;
				INFOPLIST_KEY_UILaunchScreen_Generation = YES;
				INFOPLIST_KEY_UISupportedInterfaceOrientations_iPad = "UIInterfaceOrientationPortrait UIInterfaceOrientationPortraitUpsideDown UIInterfaceOrientationLandscapeLeft UIInterfaceOrientationLandscapeRight";
				INFOPLIST_KEY_UISupportedInterfaceOrientations_iPhone = "UIInterfaceOrientationPortrait UIInterfaceOrientationLandscapeLeft UIInterfaceOrientationLandscapeRight";
				LD_RUNPATH_SEARCH_PATHS = (
					"$(inherited)",
					"@executable_path/Frameworks",
				);
				MARKETING_VERSION = 1.0;
				PRODUCT_BUNDLE_IDENTIFIER = com.BTM.Threads;
				PRODUCT_NAME = "$(TARGET_NAME)";
				SWIFT_EMIT_LOC_STRINGS = YES;
				SWIFT_VERSION = 5.0;
				TARGETED_DEVICE_FAMILY = "1,2";
			};
			name = Debug;
		};
		2A6BAC662C75175C003EB430 /* Release */ = {
			isa = XCBuildConfiguration;
			buildSettings = {
				ASSETCATALOG_COMPILER_APPICON_NAME = AppIcon;
				ASSETCATALOG_COMPILER_GLOBAL_ACCENT_COLOR_NAME = AccentColor;
				CODE_SIGN_STYLE = Automatic;
				CURRENT_PROJECT_VERSION = 1;
				DEVELOPMENT_ASSET_PATHS = "\"Threads/Preview Content\"";
				DEVELOPMENT_TEAM = 3H56HFHX43;
				ENABLE_PREVIEWS = YES;
				GENERATE_INFOPLIST_FILE = YES;
				INFOPLIST_KEY_UIApplicationSceneManifest_Generation = YES;
				INFOPLIST_KEY_UIApplicationSupportsIndirectInputEvents = YES;
				INFOPLIST_KEY_UILaunchScreen_Generation = YES;
				INFOPLIST_KEY_UISupportedInterfaceOrientations_iPad = "UIInterfaceOrientationPortrait UIInterfaceOrientationPortraitUpsideDown UIInterfaceOrientationLandscapeLeft UIInterfaceOrientationLandscapeRight";
				INFOPLIST_KEY_UISupportedInterfaceOrientations_iPhone = "UIInterfaceOrientationPortrait UIInterfaceOrientationLandscapeLeft UIInterfaceOrientationLandscapeRight";
				LD_RUNPATH_SEARCH_PATHS = (
					"$(inherited)",
					"@executable_path/Frameworks",
				);
				MARKETING_VERSION = 1.0;
				PRODUCT_BUNDLE_IDENTIFIER = com.BTM.Threads;
				PRODUCT_NAME = "$(TARGET_NAME)";
				SWIFT_EMIT_LOC_STRINGS = YES;
				SWIFT_VERSION = 5.0;
				TARGETED_DEVICE_FAMILY = "1,2";
			};
			name = Release;
		};
/* End XCBuildConfiguration section */

/* Begin XCConfigurationList section */
		2A6BAC512C75175B003EB430 /* Build configuration list for PBXProject "Threads" */ = {
			isa = XCConfigurationList;
			buildConfigurations = (
				2A6BAC622C75175C003EB430 /* Debug */,
				2A6BAC632C75175C003EB430 /* Release */,
			);
			defaultConfigurationIsVisible = 0;
			defaultConfigurationName = Release;
		};
		2A6BAC642C75175C003EB430 /* Build configuration list for PBXNativeTarget "Threads" */ = {
			isa = XCConfigurationList;
			buildConfigurations = (
				2A6BAC652C75175C003EB430 /* Debug */,
				2A6BAC662C75175C003EB430 /* Release */,
			);
			defaultConfigurationIsVisible = 0;
			defaultConfigurationName = Release;
		};
/* End XCConfigurationList section */
	};
	rootObject = 2A6BAC4E2C75175B003EB430 /* Project object */;
}
